
Microsoft Visual Studio Solution File, Format Version 12.00
# Visual Studio 15
VisualStudioVersion = 15.0.28010.2026
MinimumVisualStudioVersion = 10.0.40219.1
Project("{FAE04EC0-301F-11D3-BF4B-00C04F79EFBC}") = "WindowsFormsApp21", "WindowsFormsApp21\WindowsFormsApp21.csproj", "{60FCCE04-A451-494C-81C5-89B9842C25E4}"
EndProject
Global
	GlobalSection(SolutionConfigurationPlatforms) = preSolution
		Debug|Any CPU = Debug|Any CPU
		Release|Any CPU = Release|Any CPU
	EndGlobalSection
	GlobalSection(ProjectConfigurationPlatforms) = postSolution
		{60FCCE04-A451-494C-81C5-89B9842C25E4}.Debug|Any CPU.ActiveCfg = Debug|Any CPU
		{60FCCE04-A451-494C-81C5-89B9842C25E4}.Debug|Any CPU.Build.0 = Debug|Any CPU
		{60FCCE04-A451-494C-81C5-89B9842C25E4}.Release|Any CPU.ActiveCfg = Release|Any CPU
		{60FCCE04-A451-494C-81C5-89B9842C25E4}.Release|Any CPU.Build.0 = Release|Any CPU
	EndGlobalSection
	GlobalSection(SolutionProperties) = preSolution
		HideSolutionNode = FALSE
	EndGlobalSection
	GlobalSection(ExtensibilityGlobals) = postSolution
		SolutionGuid = {CCF1197C-06E7-47F3-ABCF-CB232E0E3B57}
	EndGlobalSection
EndGlobal
